
Microsoft Visual Studio Solution File, Format Version 12.00
# Visual Studio 15
VisualStudioVersion = 15.0.26124.0
MinimumVisualStudioVersion = 15.0.26124.0
Project("{2150E333-8FDC-42A3-9474-1A3956D46DE8}") = "src", "src", "{4CB87D3E-4722-4516-ABC7-8BC97719E596}"
EndProject
Project("{FAE04EC0-301F-11D3-BF4B-00C04F79EFBC}") = "DevRelKr.UrlShortener.FunctionApp", "src\DevRelKr.UrlShortener.FunctionApp\DevRelKr.UrlShortener.FunctionApp.csproj", "{EB5FB02A-44BA-4E43-888B-7CC220C62A1F}"
EndProject
Project("{FAE04EC0-301F-11D3-BF4B-00C04F79EFBC}") = "DevRelKr.UrlShortener.Domains", "src\DevRelKr.UrlShortener.Domains\DevRelKr.UrlShortener.Domains.csproj", "{8D57D719-394F-4FFD-8A75-DB90FD6ED210}"
EndProject
Project("{FAE04EC0-301F-11D3-BF4B-00C04F79EFBC}") = "DevRelKr.UrlShortener.Services", "src\DevRelKr.UrlShortener.Services\DevRelKr.UrlShortener.Services.csproj", "{97784CD2-651C-4D34-90FE-DA2DB495FBD9}"
EndProject
Project("{FAE04EC0-301F-11D3-BF4B-00C04F79EFBC}") = "DevRelKr.UrlShortener.Repositories", "src\DevRelKr.UrlShortener.Repositories\DevRelKr.UrlShortener.Repositories.csproj", "{CC488176-8DBA-4A3F-85A4-AACDFB355321}"
EndProject
Project("{FAE04EC0-301F-11D3-BF4B-00C04F79EFBC}") = "DevRelKr.UrlShortener.Models", "src\DevRelKr.UrlShortener.Models\DevRelKr.UrlShortener.Models.csproj", "{3550392E-7A2B-4359-B221-5D1D32BD2AFD}"
EndProject
Project("{2150E333-8FDC-42A3-9474-1A3956D46DE8}") = "test", "test", "{E2026400-0376-4062-9BBA-7750EC2EFA21}"
EndProject
Project("{FAE04EC0-301F-11D3-BF4B-00C04F79EFBC}") = "DevRelKr.UrlShortener.FunctionApp.Tests", "test\DevRelKr.UrlShortener.FunctionApp.Tests\DevRelKr.UrlShortener.FunctionApp.Tests.csproj", "{FDE3324A-E024-4525-814F-74EFEEEC4776}"
EndProject
Project("{FAE04EC0-301F-11D3-BF4B-00C04F79EFBC}") = "DevRelKr.UrlShortener.Domains.Tests", "test\DevRelKr.UrlShortener.Domains.Tests\DevRelKr.UrlShortener.Domains.Tests.csproj", "{02574DB6-5E46-43E7-8B88-CE99FDF0BB3A}"
EndProject
Project("{FAE04EC0-301F-11D3-BF4B-00C04F79EFBC}") = "DevRelKr.UrlShortener.Services.Tests", "test\DevRelKr.UrlShortener.Services.Tests\DevRelKr.UrlShortener.Services.Tests.csproj", "{963099D7-8429-4852-9D8A-927867432E0C}"
EndProject
Project("{FAE04EC0-301F-11D3-BF4B-00C04F79EFBC}") = "DevRelKr.UrlShortener.Repositories.Tests", "test\DevRelKr.UrlShortener.Repositories.Tests\DevRelKr.UrlShortener.Repositories.Tests.csproj", "{90422EBD-96A7-4854-9797-21AD23BE89E0}"
EndProject
Project("{FAE04EC0-301F-11D3-BF4B-00C04F79EFBC}") = "DevRelKr.UrlShortener.Models.Tests", "test\DevRelKr.UrlShortener.Models.Tests\DevRelKr.UrlShortener.Models.Tests.csproj", "{ADF78D35-8DCE-4AA2-A5C1-B461F20217FD}"
EndProject
Project("{FAE04EC0-301F-11D3-BF4B-00C04F79EFBC}") = "DevRelKr.UrlShortener.Tests.Fakes", "test\DevRelKr.UrlShortener.Tests.Fakes\DevRelKr.UrlShortener.Tests.Fakes.csproj", "{8F43D439-8794-4EEB-9FA9-05C48445D0D1}"
EndProject
Project("{FAE04EC0-301F-11D3-BF4B-00C04F79EFBC}") = "DevRelKr.UrlShortener.Tests.Utilities", "test\DevRelKr.UrlShortener.Tests.Utilities\DevRelKr.UrlShortener.Tests.Utilities.csproj", "{2A221BBF-A219-44F8-ACE0-03E66BDA02FF}"
EndProject
Global
	GlobalSection(SolutionConfigurationPlatforms) = preSolution
		Debug|Any CPU = Debug|Any CPU
		Debug|x64 = Debug|x64
		Debug|x86 = Debug|x86
		Release|Any CPU = Release|Any CPU
		Release|x64 = Release|x64
		Release|x86 = Release|x86
	EndGlobalSection
	GlobalSection(SolutionProperties) = preSolution
		HideSolutionNode = FALSE
	EndGlobalSection
	GlobalSection(ProjectConfigurationPlatforms) = postSolution
		{EB5FB02A-44BA-4E43-888B-7CC220C62A1F}.Debug|Any CPU.ActiveCfg = Debug|Any CPU
		{EB5FB02A-44BA-4E43-888B-7CC220C62A1F}.Debug|Any CPU.Build.0 = Debug|Any CPU
		{EB5FB02A-44BA-4E43-888B-7CC220C62A1F}.Debug|x64.ActiveCfg = Debug|Any CPU
		{EB5FB02A-44BA-4E43-888B-7CC220C62A1F}.Debug|x64.Build.0 = Debug|Any CPU
		{EB5FB02A-44BA-4E43-888B-7CC220C62A1F}.Debug|x86.ActiveCfg = Debug|Any CPU
		{EB5FB02A-44BA-4E43-888B-7CC220C62A1F}.Debug|x86.Build.0 = Debug|Any CPU
		{EB5FB02A-44BA-4E43-888B-7CC220C62A1F}.Release|Any CPU.ActiveCfg = Release|Any CPU
		{EB5FB02A-44BA-4E43-888B-7CC220C62A1F}.Release|Any CPU.Build.0 = Release|Any CPU
		{EB5FB02A-44BA-4E43-888B-7CC220C62A1F}.Release|x64.ActiveCfg = Release|Any CPU
		{EB5FB02A-44BA-4E43-888B-7CC220C62A1F}.Release|x64.Build.0 = Release|Any CPU
		{EB5FB02A-44BA-4E43-888B-7CC220C62A1F}.Release|x86.ActiveCfg = Release|Any CPU
		{EB5FB02A-44BA-4E43-888B-7CC220C62A1F}.Release|x86.Build.0 = Release|Any CPU
		{8D57D719-394F-4FFD-8A75-DB90FD6ED210}.Debug|Any CPU.ActiveCfg = Debug|Any CPU
		{8D57D719-394F-4FFD-8A75-DB90FD6ED210}.Debug|Any CPU.Build.0 = Debug|Any CPU
		{8D57D719-394F-4FFD-8A75-DB90FD6ED210}.Debug|x64.ActiveCfg = Debug|Any CPU
		{8D57D719-394F-4FFD-8A75-DB90FD6ED210}.Debug|x64.Build.0 = Debug|Any CPU
		{8D57D719-394F-4FFD-8A75-DB90FD6ED210}.Debug|x86.ActiveCfg = Debug|Any CPU
		{8D57D719-394F-4FFD-8A75-DB90FD6ED210}.Debug|x86.Build.0 = Debug|Any CPU
		{8D57D719-394F-4FFD-8A75-DB90FD6ED210}.Release|Any CPU.ActiveCfg = Release|Any CPU
		{8D57D719-394F-4FFD-8A75-DB90FD6ED210}.Release|Any CPU.Build.0 = Release|Any CPU
		{8D57D719-394F-4FFD-8A75-DB90FD6ED210}.Release|x64.ActiveCfg = Release|Any CPU
		{8D57D719-394F-4FFD-8A75-DB90FD6ED210}.Release|x64.Build.0 = Release|Any CPU
		{8D57D719-394F-4FFD-8A75-DB90FD6ED210}.Release|x86.ActiveCfg = Release|Any CPU
		{8D57D719-394F-4FFD-8A75-DB90FD6ED210}.Release|x86.Build.0 = Release|Any CPU
		{97784CD2-651C-4D34-90FE-DA2DB495FBD9}.Debug|Any CPU.ActiveCfg = Debug|Any CPU
		{97784CD2-651C-4D34-90FE-DA2DB495FBD9}.Debug|Any CPU.Build.0 = Debug|Any CPU
		{97784CD2-651C-4D34-90FE-DA2DB495FBD9}.Debug|x64.ActiveCfg = Debug|Any CPU
		{97784CD2-651C-4D34-90FE-DA2DB495FBD9}.Debug|x64.Build.0 = Debug|Any CPU
		{97784CD2-651C-4D34-90FE-DA2DB495FBD9}.Debug|x86.ActiveCfg = Debug|Any CPU
		{97784CD2-651C-4D34-90FE-DA2DB495FBD9}.Debug|x86.Build.0 = Debug|Any CPU
		{97784CD2-651C-4D34-90FE-DA2DB495FBD9}.Release|Any CPU.ActiveCfg = Release|Any CPU
		{97784CD2-651C-4D34-90FE-DA2DB495FBD9}.Release|Any CPU.Build.0 = Release|Any CPU
		{97784CD2-651C-4D34-90FE-DA2DB495FBD9}.Release|x64.ActiveCfg = Release|Any CPU
		{97784CD2-651C-4D34-90FE-DA2DB495FBD9}.Release|x64.Build.0 = Release|Any CPU
		{97784CD2-651C-4D34-90FE-DA2DB495FBD9}.Release|x86.ActiveCfg = Release|Any CPU
		{97784CD2-651C-4D34-90FE-DA2DB495FBD9}.Release|x86.Build.0 = Release|Any CPU
		{CC488176-8DBA-4A3F-85A4-AACDFB355321}.Debug|Any CPU.ActiveCfg = Debug|Any CPU
		{CC488176-8DBA-4A3F-85A4-AACDFB355321}.Debug|Any CPU.Build.0 = Debug|Any CPU
		{CC488176-8DBA-4A3F-85A4-AACDFB355321}.Debug|x64.ActiveCfg = Debug|Any CPU
		{CC488176-8DBA-4A3F-85A4-AACDFB355321}.Debug|x64.Build.0 = Debug|Any CPU
		{CC488176-8DBA-4A3F-85A4-AACDFB355321}.Debug|x86.ActiveCfg = Debug|Any CPU
		{CC488176-8DBA-4A3F-85A4-AACDFB355321}.Debug|x86.Build.0 = Debug|Any CPU
		{CC488176-8DBA-4A3F-85A4-AACDFB355321}.Release|Any CPU.ActiveCfg = Release|Any CPU
		{CC488176-8DBA-4A3F-85A4-AACDFB355321}.Release|Any CPU.Build.0 = Release|Any CPU
		{CC488176-8DBA-4A3F-85A4-AACDFB355321}.Release|x64.ActiveCfg = Release|Any CPU
		{CC488176-8DBA-4A3F-85A4-AACDFB355321}.Release|x64.Build.0 = Release|Any CPU
		{CC488176-8DBA-4A3F-85A4-AACDFB355321}.Release|x86.ActiveCfg = Release|Any CPU
		{CC488176-8DBA-4A3F-85A4-AACDFB355321}.Release|x86.Build.0 = Release|Any CPU
		{3550392E-7A2B-4359-B221-5D1D32BD2AFD}.Debug|Any CPU.ActiveCfg = Debug|Any CPU
		{3550392E-7A2B-4359-B221-5D1D32BD2AFD}.Debug|Any CPU.Build.0 = Debug|Any CPU
		{3550392E-7A2B-4359-B221-5D1D32BD2AFD}.Debug|x64.ActiveCfg = Debug|Any CPU
		{3550392E-7A2B-4359-B221-5D1D32BD2AFD}.Debug|x64.Build.0 = Debug|Any CPU
		{3550392E-7A2B-4359-B221-5D1D32BD2AFD}.Debug|x86.ActiveCfg = Debug|Any CPU
		{3550392E-7A2B-4359-B221-5D1D32BD2AFD}.Debug|x86.Build.0 = Debug|Any CPU
		{3550392E-7A2B-4359-B221-5D1D32BD2AFD}.Release|Any CPU.ActiveCfg = Release|Any CPU
		{3550392E-7A2B-4359-B221-5D1D32BD2AFD}.Release|Any CPU.Build.0 = Release|Any CPU
		{3550392E-7A2B-4359-B221-5D1D32BD2AFD}.Release|x64.ActiveCfg = Release|Any CPU
		{3550392E-7A2B-4359-B221-5D1D32BD2AFD}.Release|x64.Build.0 = Release|Any CPU
		{3550392E-7A2B-4359-B221-5D1D32BD2AFD}.Release|x86.ActiveCfg = Release|Any CPU
		{3550392E-7A2B-4359-B221-5D1D32BD2AFD}.Release|x86.Build.0 = Release|Any CPU
		{FDE3324A-E024-4525-814F-74EFEEEC4776}.Debug|Any CPU.ActiveCfg = Debug|Any CPU
		{FDE3324A-E024-4525-814F-74EFEEEC4776}.Debug|Any CPU.Build.0 = Debug|Any CPU
		{FDE3324A-E024-4525-814F-74EFEEEC4776}.Debug|x64.ActiveCfg = Debug|Any CPU
		{FDE3324A-E024-4525-814F-74EFEEEC4776}.Debug|x64.Build.0 = Debug|Any CPU
		{FDE3324A-E024-4525-814F-74EFEEEC4776}.Debug|x86.ActiveCfg = Debug|Any CPU
		{FDE3324A-E024-4525-814F-74EFEEEC4776}.Debug|x86.Build.0 = Debug|Any CPU
		{FDE3324A-E024-4525-814F-74EFEEEC4776}.Release|Any CPU.ActiveCfg = Release|Any CPU
		{FDE3324A-E024-4525-814F-74EFEEEC4776}.Release|Any CPU.Build.0 = Release|Any CPU
		{FDE3324A-E024-4525-814F-74EFEEEC4776}.Release|x64.ActiveCfg = Release|Any CPU
		{FDE3324A-E024-4525-814F-74EFEEEC4776}.Release|x64.Build.0 = Release|Any CPU
		{FDE3324A-E024-4525-814F-74EFEEEC4776}.Release|x86.ActiveCfg = Release|Any CPU
		{FDE3324A-E024-4525-814F-74EFEEEC4776}.Release|x86.Build.0 = Release|Any CPU
		{02574DB6-5E46-43E7-8B88-CE99FDF0BB3A}.Debug|Any CPU.ActiveCfg = Debug|Any CPU
		{02574DB6-5E46-43E7-8B88-CE99FDF0BB3A}.Debug|Any CPU.Build.0 = Debug|Any CPU
		{02574DB6-5E46-43E7-8B88-CE99FDF0BB3A}.Debug|x64.ActiveCfg = Debug|Any CPU
		{02574DB6-5E46-43E7-8B88-CE99FDF0BB3A}.Debug|x64.Build.0 = Debug|Any CPU
		{02574DB6-5E46-43E7-8B88-CE99FDF0BB3A}.Debug|x86.ActiveCfg = Debug|Any CPU
		{02574DB6-5E46-43E7-8B88-CE99FDF0BB3A}.Debug|x86.Build.0 = Debug|Any CPU
		{02574DB6-5E46-43E7-8B88-CE99FDF0BB3A}.Release|Any CPU.ActiveCfg = Release|Any CPU
		{02574DB6-5E46-43E7-8B88-CE99FDF0BB3A}.Release|Any CPU.Build.0 = Release|Any CPU
		{02574DB6-5E46-43E7-8B88-CE99FDF0BB3A}.Release|x64.ActiveCfg = Release|Any CPU
		{02574DB6-5E46-43E7-8B88-CE99FDF0BB3A}.Release|x64.Build.0 = Release|Any CPU
		{02574DB6-5E46-43E7-8B88-CE99FDF0BB3A}.Release|x86.ActiveCfg = Release|Any CPU
		{02574DB6-5E46-43E7-8B88-CE99FDF0BB3A}.Release|x86.Build.0 = Release|Any CPU
		{963099D7-8429-4852-9D8A-927867432E0C}.Debug|Any CPU.ActiveCfg = Debug|Any CPU
		{963099D7-8429-4852-9D8A-927867432E0C}.Debug|Any CPU.Build.0 = Debug|Any CPU
		{963099D7-8429-4852-9D8A-927867432E0C}.Debug|x64.ActiveCfg = Debug|Any CPU
		{963099D7-8429-4852-9D8A-927867432E0C}.Debug|x64.Build.0 = Debug|Any CPU
		{963099D7-8429-4852-9D8A-927867432E0C}.Debug|x86.ActiveCfg = Debug|Any CPU
		{963099D7-8429-4852-9D8A-927867432E0C}.Debug|x86.Build.0 = Debug|Any CPU
		{963099D7-8429-4852-9D8A-927867432E0C}.Release|Any CPU.ActiveCfg = Release|Any CPU
		{963099D7-8429-4852-9D8A-927867432E0C}.Release|Any CPU.Build.0 = Release|Any CPU
		{963099D7-8429-4852-9D8A-927867432E0C}.Release|x64.ActiveCfg = Release|Any CPU
		{963099D7-8429-4852-9D8A-927867432E0C}.Release|x64.Build.0 = Release|Any CPU
		{963099D7-8429-4852-9D8A-927867432E0C}.Release|x86.ActiveCfg = Release|Any CPU
		{963099D7-8429-4852-9D8A-927867432E0C}.Release|x86.Build.0 = Release|Any CPU
		{90422EBD-96A7-4854-9797-21AD23BE89E0}.Debug|Any CPU.ActiveCfg = Debug|Any CPU
		{90422EBD-96A7-4854-9797-21AD23BE89E0}.Debug|Any CPU.Build.0 = Debug|Any CPU
		{90422EBD-96A7-4854-9797-21AD23BE89E0}.Debug|x64.ActiveCfg = Debug|Any CPU
		{90422EBD-96A7-4854-9797-21AD23BE89E0}.Debug|x64.Build.0 = Debug|Any CPU
		{90422EBD-96A7-4854-9797-21AD23BE89E0}.Debug|x86.ActiveCfg = Debug|Any CPU
		{90422EBD-96A7-4854-9797-21AD23BE89E0}.Debug|x86.Build.0 = Debug|Any CPU
		{90422EBD-96A7-4854-9797-21AD23BE89E0}.Release|Any CPU.ActiveCfg = Release|Any CPU
		{90422EBD-96A7-4854-9797-21AD23BE89E0}.Release|Any CPU.Build.0 = Release|Any CPU
		{90422EBD-96A7-4854-9797-21AD23BE89E0}.Release|x64.ActiveCfg = Release|Any CPU
		{90422EBD-96A7-4854-9797-21AD23BE89E0}.Release|x64.Build.0 = Release|Any CPU
		{90422EBD-96A7-4854-9797-21AD23BE89E0}.Release|x86.ActiveCfg = Release|Any CPU
		{90422EBD-96A7-4854-9797-21AD23BE89E0}.Release|x86.Build.0 = Release|Any CPU
		{ADF78D35-8DCE-4AA2-A5C1-B461F20217FD}.Debug|Any CPU.ActiveCfg = Debug|Any CPU
		{ADF78D35-8DCE-4AA2-A5C1-B461F20217FD}.Debug|Any CPU.Build.0 = Debug|Any CPU
		{ADF78D35-8DCE-4AA2-A5C1-B461F20217FD}.Debug|x64.ActiveCfg = Debug|Any CPU
		{ADF78D35-8DCE-4AA2-A5C1-B461F20217FD}.Debug|x64.Build.0 = Debug|Any CPU
		{ADF78D35-8DCE-4AA2-A5C1-B461F20217FD}.Debug|x86.ActiveCfg = Debug|Any CPU
		{ADF78D35-8DCE-4AA2-A5C1-B461F20217FD}.Debug|x86.Build.0 = Debug|Any CPU
		{ADF78D35-8DCE-4AA2-A5C1-B461F20217FD}.Release|Any CPU.ActiveCfg = Release|Any CPU
		{ADF78D35-8DCE-4AA2-A5C1-B461F20217FD}.Release|Any CPU.Build.0 = Release|Any CPU
		{ADF78D35-8DCE-4AA2-A5C1-B461F20217FD}.Release|x64.ActiveCfg = Release|Any CPU
		{ADF78D35-8DCE-4AA2-A5C1-B461F20217FD}.Release|x64.Build.0 = Release|Any CPU
		{ADF78D35-8DCE-4AA2-A5C1-B461F20217FD}.Release|x86.ActiveCfg = Release|Any CPU
		{ADF78D35-8DCE-4AA2-A5C1-B461F20217FD}.Release|x86.Build.0 = Release|Any CPU
		{8F43D439-8794-4EEB-9FA9-05C48445D0D1}.Debug|Any CPU.ActiveCfg = Debug|Any CPU
		{8F43D439-8794-4EEB-9FA9-05C48445D0D1}.Debug|Any CPU.Build.0 = Debug|Any CPU
		{8F43D439-8794-4EEB-9FA9-05C48445D0D1}.Debug|x64.ActiveCfg = Debug|Any CPU
		{8F43D439-8794-4EEB-9FA9-05C48445D0D1}.Debug|x64.Build.0 = Debug|Any CPU
		{8F43D439-8794-4EEB-9FA9-05C48445D0D1}.Debug|x86.ActiveCfg = Debug|Any CPU
		{8F43D439-8794-4EEB-9FA9-05C48445D0D1}.Debug|x86.Build.0 = Debug|Any CPU
		{8F43D439-8794-4EEB-9FA9-05C48445D0D1}.Release|Any CPU.ActiveCfg = Release|Any CPU
		{8F43D439-8794-4EEB-9FA9-05C48445D0D1}.Release|Any CPU.Build.0 = Release|Any CPU
		{8F43D439-8794-4EEB-9FA9-05C48445D0D1}.Release|x64.ActiveCfg = Release|Any CPU
		{8F43D439-8794-4EEB-9FA9-05C48445D0D1}.Release|x64.Build.0 = Release|Any CPU
		{8F43D439-8794-4EEB-9FA9-05C48445D0D1}.Release|x86.ActiveCfg = Release|Any CPU
		{8F43D439-8794-4EEB-9FA9-05C48445D0D1}.Release|x86.Build.0 = Release|Any CPU
		{2A221BBF-A219-44F8-ACE0-03E66BDA02FF}.Debug|Any CPU.ActiveCfg = Debug|Any CPU
		{2A221BBF-A219-44F8-ACE0-03E66BDA02FF}.Debug|Any CPU.Build.0 = Debug|Any CPU
		{2A221BBF-A219-44F8-ACE0-03E66BDA02FF}.Debug|x64.ActiveCfg = Debug|Any CPU
		{2A221BBF-A219-44F8-ACE0-03E66BDA02FF}.Debug|x64.Build.0 = Debug|Any CPU
		{2A221BBF-A219-44F8-ACE0-03E66BDA02FF}.Debug|x86.ActiveCfg = Debug|Any CPU
		{2A221BBF-A219-44F8-ACE0-03E66BDA02FF}.Debug|x86.Build.0 = Debug|Any CPU
		{2A221BBF-A219-44F8-ACE0-03E66BDA02FF}.Release|Any CPU.ActiveCfg = Release|Any CPU
		{2A221BBF-A219-44F8-ACE0-03E66BDA02FF}.Release|Any CPU.Build.0 = Release|Any CPU
		{2A221BBF-A219-44F8-ACE0-03E66BDA02FF}.Release|x64.ActiveCfg = Release|Any CPU
		{2A221BBF-A219-44F8-ACE0-03E66BDA02FF}.Release|x64.Build.0 = Release|Any CPU
		{2A221BBF-A219-44F8-ACE0-03E66BDA02FF}.Release|x86.ActiveCfg = Release|Any CPU
		{2A221BBF-A219-44F8-ACE0-03E66BDA02FF}.Release|x86.Build.0 = Release|Any CPU
	EndGlobalSection
	GlobalSection(NestedProjects) = preSolution
		{EB5FB02A-44BA-4E43-888B-7CC220C62A1F} = {4CB87D3E-4722-4516-ABC7-8BC97719E596}
		{8D57D719-394F-4FFD-8A75-DB90FD6ED210} = {4CB87D3E-4722-4516-ABC7-8BC97719E596}
		{97784CD2-651C-4D34-90FE-DA2DB495FBD9} = {4CB87D3E-4722-4516-ABC7-8BC97719E596}
		{CC488176-8DBA-4A3F-85A4-AACDFB355321} = {4CB87D3E-4722-4516-ABC7-8BC97719E596}
		{3550392E-7A2B-4359-B221-5D1D32BD2AFD} = {4CB87D3E-4722-4516-ABC7-8BC97719E596}
		{FDE3324A-E024-4525-814F-74EFEEEC4776} = {E2026400-0376-4062-9BBA-7750EC2EFA21}
		{02574DB6-5E46-43E7-8B88-CE99FDF0BB3A} = {E2026400-0376-4062-9BBA-7750EC2EFA21}
		{963099D7-8429-4852-9D8A-927867432E0C} = {E2026400-0376-4062-9BBA-7750EC2EFA21}
		{90422EBD-96A7-4854-9797-21AD23BE89E0} = {E2026400-0376-4062-9BBA-7750EC2EFA21}
		{ADF78D35-8DCE-4AA2-A5C1-B461F20217FD} = {E2026400-0376-4062-9BBA-7750EC2EFA21}
		{8F43D439-8794-4EEB-9FA9-05C48445D0D1} = {E2026400-0376-4062-9BBA-7750EC2EFA21}
		{2A221BBF-A219-44F8-ACE0-03E66BDA02FF} = {E2026400-0376-4062-9BBA-7750EC2EFA21}
	EndGlobalSection
EndGlobal
